{
  "name": "javascript",
  "version": "1.0.0",
  "lockfileVersion": 1,
  "requires": true,
  "dependencies": {
    "keypress": {
      "version": "0.2.1",
      "resolved": "https://registry.npmjs.org/keypress/-/keypress-0.2.1.tgz",
      "integrity": "sha1-HoBFQlABjbrUw/6USX1uZ7YmnHc="
    },
    "native-or-another": {
      "version": "2.0.0",
      "resolved": "https://registry.npmjs.org/native-or-another/-/native-or-another-2.0.0.tgz",
      "integrity": "sha1-F6Vn+Svuqc1xrP+Wp2gac17KO/8=",
      "requires": {
        "native-or-bluebird": "^1.1.2"
      }
    },
    "native-or-bluebird": {
      "version": "1.2.0",
      "resolved": "https://registry.npmjs.org/native-or-bluebird/-/native-or-bluebird-1.2.0.tgz",
      "integrity": "sha1-OcR7/Xgl0fuf+tMiEK4l2q3xAck="
    },
    "prompt-promise": {
      "version": "1.0.3",
      "resolved": "https://registry.npmjs.org/prompt-promise/-/prompt-promise-1.0.3.tgz",
      "integrity": "sha1-eM5Py5oUoQjEkXTy2AjEQNG94mU=",
      "requires": {
        "keypress": "~0.2.1",
        "native-or-another": "~2.0.0"
      }
    }
  }
}
